{
  "version": 4,
  "terraform_version": "1.1.2",
  "serial": 30,
  "lineage": "1d5fcb53-00f8-7661-a7e6-9ea81437aefd",
  "outputs": {
    "kubernetes_cluster_name": {
      "value": "terraform-test-336308-gke",
      "type": "string"
    }
  },
  "resources": [
    {
      "mode": "managed",
      "type": "google_cloudbuild_trigger",
      "name": "cloud_build_trigger",
      "provider": "provider[\"registry.terraform.io/hashicorp/google\"]",
      "instances": [
        {
          "schema_version": 1,
          "attributes": {
            "build": [],
            "create_time": "2021-12-27T19:00:51.866671649Z",
            "description": "GitHub Repository Trigger nsd9696/terraform-test (master)",
            "disabled": false,
            "filename": "cloudbuild.yaml",
            "github": [
              {
                "name": "terraform-test",
                "owner": "nsd9696",
                "pull_request": [],
                "push": [
                  {
                    "branch": "master",
                    "invert_regex": false,
                    "tag": ""
                  }
                ]
              }
            ],
            "id": "projects/terraform-test-336308/triggers/9e16b122-d54a-4be7-a5ad-ff1c0e27f55f",
            "ignored_files": null,
            "included_files": null,
            "name": "GitHub-Repository-Trigger-nsd9696terraform-test-master",
            "project": "terraform-test-336308",
            "pubsub_config": [],
            "service_account": "",
            "substitutions": null,
            "tags": null,
            "timeouts": null,
            "trigger_id": "9e16b122-d54a-4be7-a5ad-ff1c0e27f55f",
            "trigger_template": [],
            "webhook_config": []
          },
          "sensitive_attributes": [],
          "private": "eyJlMmJmYjczMC1lY2FhLTExZTYtOGY4OC0zNDM2M2JjN2M0YzAiOnsiY3JlYXRlIjoyNDAwMDAwMDAwMDAsImRlbGV0ZSI6MjQwMDAwMDAwMDAwLCJ1cGRhdGUiOjI0MDAwMDAwMDAwMH0sInNjaGVtYV92ZXJzaW9uIjoiMSJ9"
        }
      ]
    },
    {
      "mode": "managed",
      "type": "google_compute_firewall",
      "name": "default",
      "provider": "provider[\"registry.terraform.io/hashicorp/google\"]",
      "instances": [
        {
          "schema_version": 1,
          "attributes": {
            "allow": [
              {
                "ports": [
                  "80",
                  "5601",
                  "8501"
                ],
                "protocol": "tcp"
              },
              {
                "ports": [],
                "protocol": "icmp"
              }
            ],
            "creation_timestamp": "2021-12-27T11:01:13.393-08:00",
            "deny": [],
            "description": "",
            "destination_ranges": [],
            "direction": "INGRESS",
            "disabled": false,
            "enable_logging": null,
            "id": "projects/terraform-test-336308/global/firewalls/test-firewall",
            "log_config": [],
            "name": "test-firewall",
            "network": "https://www.googleapis.com/compute/v1/projects/terraform-test-336308/global/networks/terraform-test-336308-vpc",
            "priority": 1000,
            "project": "terraform-test-336308",
            "self_link": "https://www.googleapis.com/compute/v1/projects/terraform-test-336308/global/firewalls/test-firewall",
            "source_ranges": [],
            "source_service_accounts": null,
            "source_tags": [
              "web"
            ],
            "target_service_accounts": null,
            "target_tags": null,
            "timeouts": null
          },
          "sensitive_attributes": [],
          "private": "eyJlMmJmYjczMC1lY2FhLTExZTYtOGY4OC0zNDM2M2JjN2M0YzAiOnsiY3JlYXRlIjoyNDAwMDAwMDAwMDAsImRlbGV0ZSI6MjQwMDAwMDAwMDAwLCJ1cGRhdGUiOjI0MDAwMDAwMDAwMH0sInNjaGVtYV92ZXJzaW9uIjoiMSJ9",
          "dependencies": [
            "google_compute_network.vpc"
          ]
        }
      ]
    },
    {
      "mode": "managed",
      "type": "google_compute_network",
      "name": "vpc",
      "provider": "provider[\"registry.terraform.io/hashicorp/google\"]",
      "instances": [
        {
          "schema_version": 0,
          "attributes": {
            "auto_create_subnetworks": false,
            "delete_default_routes_on_create": false,
            "description": "",
            "gateway_ipv4": "",
            "id": "projects/terraform-test-336308/global/networks/terraform-test-336308-vpc",
            "mtu": 0,
            "name": "terraform-test-336308-vpc",
            "project": "terraform-test-336308",
            "routing_mode": "REGIONAL",
            "self_link": "https://www.googleapis.com/compute/v1/projects/terraform-test-336308/global/networks/terraform-test-336308-vpc",
            "timeouts": null
          },
          "sensitive_attributes": [],
          "private": "eyJlMmJmYjczMC1lY2FhLTExZTYtOGY4OC0zNDM2M2JjN2M0YzAiOnsiY3JlYXRlIjoyNDAwMDAwMDAwMDAsImRlbGV0ZSI6MjQwMDAwMDAwMDAwLCJ1cGRhdGUiOjI0MDAwMDAwMDAwMH19"
        }
      ]
    },
    {
      "mode": "managed",
      "type": "google_compute_subnetwork",
      "name": "subnet",
      "provider": "provider[\"registry.terraform.io/hashicorp/google\"]",
      "instances": [
        {
          "schema_version": 0,
          "attributes": {
            "creation_timestamp": "2021-12-27T11:01:13.790-08:00",
            "description": "",
            "external_ipv6_prefix": "",
            "fingerprint": null,
            "gateway_address": "10.10.0.1",
            "id": "projects/terraform-test-336308/regions/asia-northeast2/subnetworks/terraform-test-336308-subnet",
            "ip_cidr_range": "10.10.0.0/24",
            "ipv6_access_type": "",
            "ipv6_cidr_range": "",
            "log_config": [],
            "name": "terraform-test-336308-subnet",
            "network": "https://www.googleapis.com/compute/v1/projects/terraform-test-336308/global/networks/terraform-test-336308-vpc",
            "private_ip_google_access": false,
            "private_ipv6_google_access": "DISABLE_GOOGLE_ACCESS",
            "project": "terraform-test-336308",
            "purpose": "PRIVATE",
            "region": "asia-northeast2",
            "role": "",
            "secondary_ip_range": [],
            "self_link": "https://www.googleapis.com/compute/v1/projects/terraform-test-336308/regions/asia-northeast2/subnetworks/terraform-test-336308-subnet",
            "stack_type": "IPV4_ONLY",
            "timeouts": null
          },
          "sensitive_attributes": [],
          "private": "eyJlMmJmYjczMC1lY2FhLTExZTYtOGY4OC0zNDM2M2JjN2M0YzAiOnsiY3JlYXRlIjozNjAwMDAwMDAwMDAsImRlbGV0ZSI6MzYwMDAwMDAwMDAwLCJ1cGRhdGUiOjM2MDAwMDAwMDAwMH19",
          "dependencies": [
            "google_compute_network.vpc"
          ]
        }
      ]
    },
    {
      "mode": "managed",
      "type": "google_container_cluster",
      "name": "primary",
      "provider": "provider[\"registry.terraform.io/hashicorp/google\"]",
      "instances": [
        {
          "schema_version": 1,
          "attributes": {
            "addons_config": [
              {
                "cloudrun_config": [],
                "horizontal_pod_autoscaling": [],
                "http_load_balancing": [],
                "network_policy_config": [
                  {
                    "disabled": true
                  }
                ]
              }
            ],
            "authenticator_groups_config": [],
            "cluster_autoscaling": [
              {
                "auto_provisioning_defaults": [],
                "enabled": false,
                "resource_limits": []
              }
            ],
            "cluster_ipv4_cidr": "10.204.0.0/14",
            "database_encryption": [
              {
                "key_name": "",
                "state": "DECRYPTED"
              }
            ],
            "datapath_provider": "",
            "default_max_pods_per_node": null,
            "default_snat_status": [
              {
                "disabled": false
              }
            ],
            "description": "",
            "enable_autopilot": false,
            "enable_binary_authorization": false,
            "enable_intranode_visibility": false,
            "enable_kubernetes_alpha": false,
            "enable_legacy_abac": false,
            "enable_shielded_nodes": false,
            "enable_tpu": false,
            "endpoint": "34.97.179.115",
            "id": "projects/terraform-test-336308/locations/asia-northeast2/clusters/terraform-test-336308-gke",
            "initial_node_count": 1,
            "instance_group_urls": [],
            "ip_allocation_policy": [],
            "label_fingerprint": "a9dc16a7",
            "location": "asia-northeast2",
            "logging_config": [
              {
                "enable_components": [
                  "SYSTEM_COMPONENTS",
                  "WORKLOADS"
                ]
              }
            ],
            "logging_service": "logging.googleapis.com/kubernetes",
            "maintenance_policy": [],
            "master_auth": [
              {
                "client_certificate": "",
                "client_certificate_config": [
                  {
                    "issue_client_certificate": false
                  }
                ],
                "client_key": "",
                "cluster_ca_certificate": "LS0tLS1CRUdJTiBDRVJUSUZJQ0FURS0tLS0tCk1JSUVMVENDQXBXZ0F3SUJBZ0lSQUtCc2ZuZ0hGMStqcWpJTTlZVE82aGt3RFFZSktvWklodmNOQVFFTEJRQXcKTHpFdE1Dc0dBMVVFQXhNa1lqTmlNVEEyWkRVdFpUWXhaUzAwT1dVd0xUbGhOREl0Tm1RM1kyRXdPV1kzT0RVMgpNQ0FYRFRJeE1USXlOekU0TURFek1Gb1lEekl3TlRFeE1qSXdNVGt3TVRNd1dqQXZNUzB3S3dZRFZRUURFeVJpCk0ySXhNRFprTlMxbE5qRmxMVFE1WlRBdE9XRTBNaTAyWkRkallUQTVaamM0TlRZd2dnR2lNQTBHQ1NxR1NJYjMKRFFFQkFRVUFBNElCandBd2dnR0tBb0lCZ1FDeFkzYlIvdjdpdndtaUQ3ZEJubzNHR0g5V2VpUXVWOTFpVGFpbwpZTXNFL2JreldzWkFPU2tFdzQ2UHpLRE1jaTZhbGVwK3lSS0N2UjNZZS9zMGdZWUM5aDhiZzROeEFBNTV2ZGowCmpVVE9wU0hpcFFESHFYeXBEVFliZEdPKzNWWEU4R0dNQ25kOGlQSnJORktzSmxOSktTZ0JiNnJjaE1MS2xvL3QKSDlPTUg2dFBKUGZ4M1diMVRVdHp0NzZGcVJUMUg2bmpVbHJ2SmVkRE42U3ZWcHIzVmtmanh0UlNZNitaSXh4eQpNeWhZNkdkb1BOai9ZZEFKb2R6K1NES3BMbjVGRWgvZHBKcGh5b3VqWFpuSEhGVitLbllaQU44Ry9XYi9oQ0xHCnprS1Y1N2FNeXBsSStRM2hrYUNSd01ZNnlpd0NJU0NlNXdJNE5BK0pOUnprL0NuRHI3M2JVaG5sSmNRVHVYZ3YKQW42TDFwWWVDQzdONlM1Yy82ZTlOVjVxRGJ1aTRaenVRUGg2bktIb0dVblpCaE5qeXhoWlhJZUlwVWdJaTlJTQpKOWxKSGZuTnFVeUQwRjBQUVM2VGd5MVRJbENSdkQrVGRKV3ExdmRBZ1lPOXdTVGprSXphbWFzY2lIWWdCR0tUCmtUdDJZL0lTUW1rZUJPMXFVT01vWGlQdWRDMENBd0VBQWFOQ01FQXdEZ1lEVlIwUEFRSC9CQVFEQWdJRU1BOEcKQTFVZEV3RUIvd1FGTUFNQkFmOHdIUVlEVlIwT0JCWUVGSWw1YUhYMG13VkVNRmhOOEMzOFQ0TXpZZDZzTUEwRwpDU3FHU0liM0RRRUJDd1VBQTRJQmdRQlRQWU43dThHNDdKVm43dWRzVnYxVTU3aURrWjYxT0ZlZlMxNWIvOFZTCkF6SkpvZW4zajlVcXEvQ0NqKzZPeFZnV0JKSGlIRUNadThTUjBUenhRZ25BYlY3NG1NTlJqaW9TdXFBdGZ2djUKeXZWOXFWcXNRS3ZKVjVad1l0Y0RpN1B0eXYvWWM3OFN0T2tqMXZ2M2YwMVJkVWhQL0NSbi96TGlZcUJZT2s1VgpUN2FyTmE1N29wbGpMSTRKanhUdEN0T3crYUNua3pkZGxDRVJ0bXdNem9WVFQxdUtPUnlWcUZCTHpxYUk0bWFUCkxoZVo0ZFNnTXIwRWxKNktOTG5td2hXTWJGVjI4U3JXdWJwL1ZvSUZmYjNOeGtOWnprTkRlWGtRMlBoRUlOUWEKYml4U0RtL0gzd2wyNGt5WEdVOEpLSlFuVS9tWS9zaXhuakR3ZmNSWElicUlzdU1MRFJTZmI4QVdEYUhSd3VXZQpTRTFuL2dVOWpaUG4yNlVGTTI1UjUycDYzM2tXcXlVUEMyZ0pYQVZMeXJzaks2NWRwdGdTWW9wYkpDbm13WHRSCjVTNEVUQlhjSm04a3d0UVRhRDhZbExJNzVLOGxXaDV1N1lyK2l4ZVk0cTcwTjI5aGY2N0tzVzkxbjJVcUJ4NTMKYmlzazRnMWd5d0M2cW9PeEY1RWNac3c9Ci0tLS0tRU5EIENFUlRJRklDQVRFLS0tLS0K",
                "password": "",
                "username": ""
              }
            ],
            "master_authorized_networks_config": [],
            "master_version": "1.19.16-gke.1500",
            "min_master_version": "1.19",
            "monitoring_config": [
              {
                "enable_components": [
                  "SYSTEM_COMPONENTS"
                ]
              }
            ],
            "monitoring_service": "monitoring.googleapis.com/kubernetes",
            "name": "terraform-test-336308-gke",
            "network": "projects/terraform-test-336308/global/networks/terraform-test-336308-vpc",
            "network_policy": [
              {
                "enabled": false,
                "provider": "PROVIDER_UNSPECIFIED"
              }
            ],
            "networking_mode": "ROUTES",
            "node_config": [],
            "node_locations": [
              "asia-northeast2-a",
              "asia-northeast2-b",
              "asia-northeast2-c"
            ],
            "node_pool": [],
            "node_version": "1.19.16-gke.1500",
            "operation": null,
            "pod_security_policy_config": [],
            "private_cluster_config": [],
            "private_ipv6_google_access": "",
            "project": "terraform-test-336308",
            "release_channel": [
              {
                "channel": "UNSPECIFIED"
              }
            ],
            "remove_default_node_pool": true,
            "resource_labels": null,
            "resource_usage_export_config": [],
            "self_link": "https://container.googleapis.com/v1beta1/projects/terraform-test-336308/locations/asia-northeast2/clusters/terraform-test-336308-gke",
            "services_ipv4_cidr": "10.207.240.0/20",
            "subnetwork": "projects/terraform-test-336308/regions/asia-northeast2/subnetworks/terraform-test-336308-subnet",
            "timeouts": null,
            "tpu_ipv4_cidr_block": "",
            "vertical_pod_autoscaling": [],
            "workload_identity_config": []
          },
          "sensitive_attributes": [],
          "private": "eyJlMmJmYjczMC1lY2FhLTExZTYtOGY4OC0zNDM2M2JjN2M0YzAiOnsiY3JlYXRlIjoyNDAwMDAwMDAwMDAwLCJkZWxldGUiOjI0MDAwMDAwMDAwMDAsInJlYWQiOjI0MDAwMDAwMDAwMDAsInVwZGF0ZSI6MzYwMDAwMDAwMDAwMH0sInNjaGVtYV92ZXJzaW9uIjoiMSJ9",
          "dependencies": [
            "google_compute_network.vpc",
            "google_compute_subnetwork.subnet"
          ]
        }
      ]
    },
    {
      "mode": "managed",
      "type": "google_container_node_pool",
      "name": "primary_nodes",
      "provider": "provider[\"registry.terraform.io/hashicorp/google\"]",
      "instances": [
        {
          "schema_version": 1,
          "attributes": {
            "autoscaling": [],
            "cluster": "terraform-test-336308-gke",
            "id": "projects/terraform-test-336308/locations/asia-northeast2/clusters/terraform-test-336308-gke/nodePools/terraform-test-336308-gke-node-pool",
            "initial_node_count": 2,
            "instance_group_urls": [
              "https://www.googleapis.com/compute/v1/projects/terraform-test-336308/zones/asia-northeast2-b/instanceGroupManagers/gke-terraform-test-3-terraform-test-3-8d16e7a3-grp",
              "https://www.googleapis.com/compute/v1/projects/terraform-test-336308/zones/asia-northeast2-c/instanceGroupManagers/gke-terraform-test-3-terraform-test-3-2f1adce1-grp",
              "https://www.googleapis.com/compute/v1/projects/terraform-test-336308/zones/asia-northeast2-a/instanceGroupManagers/gke-terraform-test-3-terraform-test-3-f056dc7a-grp"
            ],
            "location": "asia-northeast2",
            "management": [
              {
                "auto_repair": true,
                "auto_upgrade": true
              }
            ],
            "max_pods_per_node": null,
            "name": "terraform-test-336308-gke-node-pool",
            "name_prefix": "",
            "node_config": [
              {
                "disk_size_gb": 100,
                "disk_type": "pd-standard",
                "guest_accelerator": [],
                "image_type": "COS_CONTAINERD",
                "labels": {
                  "env": "terraform-test-336308"
                },
                "local_ssd_count": 0,
                "machine_type": "e2-medium",
                "metadata": {
                  "disable-legacy-endpoints": "true"
                },
                "min_cpu_platform": "",
                "oauth_scopes": [
                  "https://www.googleapis.com/auth/logging.write",
                  "https://www.googleapis.com/auth/monitoring"
                ],
                "preemptible": false,
                "service_account": "default",
                "shielded_instance_config": [
                  {
                    "enable_integrity_monitoring": true,
                    "enable_secure_boot": false
                  }
                ],
                "tags": [
                  "gke-node",
                  "terraform-test-336308-gke"
                ],
                "taint": [],
                "workload_metadata_config": []
              }
            ],
            "node_count": 2,
            "node_locations": [
              "asia-northeast2-a",
              "asia-northeast2-b",
              "asia-northeast2-c"
            ],
            "operation": null,
            "project": "terraform-test-336308",
            "timeouts": null,
            "upgrade_settings": [
              {
                "max_surge": 1,
                "max_unavailable": 0
              }
            ],
            "version": "1.19.16-gke.1500"
          },
          "sensitive_attributes": [],
          "private": "eyJlMmJmYjczMC1lY2FhLTExZTYtOGY4OC0zNDM2M2JjN2M0YzAiOnsiY3JlYXRlIjoxODAwMDAwMDAwMDAwLCJkZWxldGUiOjE4MDAwMDAwMDAwMDAsInVwZGF0ZSI6MTgwMDAwMDAwMDAwMH0sInNjaGVtYV92ZXJzaW9uIjoiMSJ9",
          "dependencies": [
            "google_compute_network.vpc",
            "google_compute_subnetwork.subnet",
            "google_container_cluster.primary"
          ]
        }
      ]
    },
    {
      "mode": "managed",
      "type": "google_storage_bucket",
      "name": "model-bucket",
      "provider": "provider[\"registry.terraform.io/hashicorp/google\"]",
      "instances": [
        {
          "schema_version": 0,
          "attributes": {
            "bucket_policy_only": false,
            "cors": [],
            "default_event_based_hold": false,
            "encryption": [],
            "force_destroy": true,
            "id": "terraform-test-336308-model-bucket",
            "labels": null,
            "lifecycle_rule": [],
            "location": "ASIA-NORTHEAST2",
            "logging": [],
            "name": "terraform-test-336308-model-bucket",
            "project": "terraform-test-336308",
            "requester_pays": false,
            "retention_policy": [],
            "self_link": "https://www.googleapis.com/storage/v1/b/terraform-test-336308-model-bucket",
            "storage_class": "STANDARD",
            "uniform_bucket_level_access": false,
            "url": "gs://terraform-test-336308-model-bucket",
            "versioning": [
              {
                "enabled": true
              }
            ],
            "website": []
          },
          "sensitive_attributes": [],
          "private": "bnVsbA=="
        }
      ]
    }
  ]
}
